
Microsoft Visual Studio Solution File, Format Version 12.00
# Visual Studio Version 17
VisualStudioVersion = 17.13.35913.81
MinimumVisualStudioVersion = 10.0.40219.1
Project("{FAE04EC0-301F-11D3-BF4B-00C04F79EFBC}") = "TibiaOracle.Api", "TibiaOracle.Api\TibiaOracle.Api.csproj", "{264CF5CB-8C3B-484C-A053-1A208B8E297B}"
EndProject
Project("{FAE04EC0-301F-11D3-BF4B-00C04F79EFBC}") = "Connector_TibiaData", "Connector_TibiaData\Connector_TibiaData.csproj", "{886EB22C-1406-445C-A923-6F94D6C8F4EF}"
EndProject
Project("{FAE04EC0-301F-11D3-BF4B-00C04F79EFBC}") = "TibiaOracle.Logic", "TibiaOracle.Logic\TibiaOracle.Logic.csproj", "{5F226EF1-E2CD-4E9C-870A-9F6BF0638AA0}"
EndProject
Project("{FAE04EC0-301F-11D3-BF4B-00C04F79EFBC}") = "TibiaOracle.JobScheduler", "TibiaOracle.JobScheduler\TibiaOracle.JobScheduler.csproj", "{A63F224B-850B-4996-8047-3A59F0CBD1E1}"
EndProject
Project("{2150E333-8FDC-42A3-9474-1A3956D46DE8}") = "Solution Items", "Solution Items", "{8EC462FD-D22E-90A8-E5CE-7E832BA40C5D}"
	ProjectSection(SolutionItems) = preProject
		Dockerfile = Dockerfile
	EndProjectSection
EndProject
Project("{FAE04EC0-301F-11D3-BF4B-00C04F79EFBC}") = "Connector_TibiaMarket", "Connector_TibiaMarket\Connector_TibiaMarket.csproj", "{A31178D0-99E6-424A-ADB0-283451735381}"
EndProject
Global
	GlobalSection(SolutionConfigurationPlatforms) = preSolution
		Debug|Any CPU = Debug|Any CPU
		Release|Any CPU = Release|Any CPU
	EndGlobalSection
	GlobalSection(ProjectConfigurationPlatforms) = postSolution
		{264CF5CB-8C3B-484C-A053-1A208B8E297B}.Debug|Any CPU.ActiveCfg = Debug|Any CPU
		{264CF5CB-8C3B-484C-A053-1A208B8E297B}.Debug|Any CPU.Build.0 = Debug|Any CPU
		{264CF5CB-8C3B-484C-A053-1A208B8E297B}.Release|Any CPU.ActiveCfg = Release|Any CPU
		{264CF5CB-8C3B-484C-A053-1A208B8E297B}.Release|Any CPU.Build.0 = Release|Any CPU
		{886EB22C-1406-445C-A923-6F94D6C8F4EF}.Debug|Any CPU.ActiveCfg = Debug|Any CPU
		{886EB22C-1406-445C-A923-6F94D6C8F4EF}.Debug|Any CPU.Build.0 = Debug|Any CPU
		{886EB22C-1406-445C-A923-6F94D6C8F4EF}.Release|Any CPU.ActiveCfg = Release|Any CPU
		{886EB22C-1406-445C-A923-6F94D6C8F4EF}.Release|Any CPU.Build.0 = Release|Any CPU
		{5F226EF1-E2CD-4E9C-870A-9F6BF0638AA0}.Debug|Any CPU.ActiveCfg = Debug|Any CPU
		{5F226EF1-E2CD-4E9C-870A-9F6BF0638AA0}.Debug|Any CPU.Build.0 = Debug|Any CPU
		{5F226EF1-E2CD-4E9C-870A-9F6BF0638AA0}.Release|Any CPU.ActiveCfg = Release|Any CPU
		{5F226EF1-E2CD-4E9C-870A-9F6BF0638AA0}.Release|Any CPU.Build.0 = Release|Any CPU
		{A63F224B-850B-4996-8047-3A59F0CBD1E1}.Debug|Any CPU.ActiveCfg = Debug|Any CPU
		{A63F224B-850B-4996-8047-3A59F0CBD1E1}.Debug|Any CPU.Build.0 = Debug|Any CPU
		{A63F224B-850B-4996-8047-3A59F0CBD1E1}.Release|Any CPU.ActiveCfg = Release|Any CPU
		{A63F224B-850B-4996-8047-3A59F0CBD1E1}.Release|Any CPU.Build.0 = Release|Any CPU
		{A31178D0-99E6-424A-ADB0-283451735381}.Debug|Any CPU.ActiveCfg = Debug|Any CPU
		{A31178D0-99E6-424A-ADB0-283451735381}.Debug|Any CPU.Build.0 = Debug|Any CPU
		{A31178D0-99E6-424A-ADB0-283451735381}.Release|Any CPU.ActiveCfg = Release|Any CPU
		{A31178D0-99E6-424A-ADB0-283451735381}.Release|Any CPU.Build.0 = Release|Any CPU
	EndGlobalSection
	GlobalSection(SolutionProperties) = preSolution
		HideSolutionNode = FALSE
	EndGlobalSection
	GlobalSection(ExtensibilityGlobals) = postSolution
		SolutionGuid = {9014B259-0999-44AC-B917-4BAEAA034999}
	EndGlobalSection
EndGlobal
